
Microsoft Visual Studio Solution File, Format Version 12.00
# Visual Studio 2013
VisualStudioVersion = 12.0.30723.0
MinimumVisualStudioVersion = 10.0.40219.1
Project("{FAE04EC0-301F-11D3-BF4B-00C04F79EFBC}") = "QatarRacing.UI", "QatarRacing.UI\QatarRacing.UI.csproj", "{1FF38B5C-508A-4CE3-B3B8-722625B8BC02}"
EndProject
Project("{FAE04EC0-301F-11D3-BF4B-00C04F79EFBC}") = "QatarRacing.EF", "QatarRacing.EF\QatarRacing.EF.csproj", "{016B4265-2206-4496-8BEC-3A89DF2EE913}"
EndProject
Global
	GlobalSection(SolutionConfigurationPlatforms) = preSolution
		Debug|Any CPU = Debug|Any CPU
		Release|Any CPU = Release|Any CPU
	EndGlobalSection
	GlobalSection(ProjectConfigurationPlatforms) = postSolution
		{1FF38B5C-508A-4CE3-B3B8-722625B8BC02}.Debug|Any CPU.ActiveCfg = Debug|Any CPU
		{1FF38B5C-508A-4CE3-B3B8-722625B8BC02}.Debug|Any CPU.Build.0 = Debug|Any CPU
		{1FF38B5C-508A-4CE3-B3B8-722625B8BC02}.Release|Any CPU.ActiveCfg = Release|Any CPU
		{1FF38B5C-508A-4CE3-B3B8-722625B8BC02}.Release|Any CPU.Build.0 = Release|Any CPU
		{016B4265-2206-4496-8BEC-3A89DF2EE913}.Debug|Any CPU.ActiveCfg = Debug|Any CPU
		{016B4265-2206-4496-8BEC-3A89DF2EE913}.Debug|Any CPU.Build.0 = Debug|Any CPU
		{016B4265-2206-4496-8BEC-3A89DF2EE913}.Release|Any CPU.ActiveCfg = Release|Any CPU
		{016B4265-2206-4496-8BEC-3A89DF2EE913}.Release|Any CPU.Build.0 = Release|Any CPU
	EndGlobalSection
	GlobalSection(SolutionProperties) = preSolution
		HideSolutionNode = FALSE
	EndGlobalSection
EndGlobal
